{
    "name": "列表垂直方向拖拽drag组件",
    "version": "1.0.0",
    "lockfileVersion": 2,
    "requires": true,
    "packages": {
        "": {
            "name": "列表垂直方向拖拽drag组件",
            "version": "1.0.0",
            "dependencies": {
                "bootstrap-icons": "^1.11.3"
            },
            "devDependencies": {
                "province-city-china": "^8.5.7"
            }
        },
        "node_modules/@province-city-china/types": {
            "version": "8.5.7",
            "resolved": "https://registry.npmjs.org/@province-city-china/types/-/types-8.5.7.tgz",
            "integrity": "sha512-RZ1TX52jLevxx+00yLMzunHR2H6XIc7FY8C7qF0YUzXhYrRS4krqWSDY8kpq/76nonbp01ibif35wvmP3R+s4Q==",
            "dev": true
        },
        "node_modules/bootstrap-icons": {
            "version": "1.11.3",
            "resolved": "https://registry.npmjs.org/bootstrap-icons/-/bootstrap-icons-1.11.3.tgz",
            "integrity": "sha512-+3lpHrCw/it2/7lBL15VR0HEumaBss0+f/Lb6ZvHISn1mlK83jjFpooTLsMWbIjJMDjDjOExMsTxnXSIT4k4ww==",
            "funding": [
                {
                    "type": "github",
                    "url": "https://github.com/sponsors/twbs"
                },
                {
                    "type": "opencollective",
                    "url": "https://opencollective.com/bootstrap"
                }
            ]
        },
        "node_modules/province-city-china": {
            "version": "8.5.7",
            "resolved": "https://registry.npmjs.org/province-city-china/-/province-city-china-8.5.7.tgz",
            "integrity": "sha512-6snhGKmXBgNDJluFYVNgudIA+FWJjha+6/Lci/ZWBDDp3uPs5zFlErrfeTRfN182owSNDp9oF4/f6/qPoL9+Xw==",
            "dev": true,
            "dependencies": {
                "@province-city-china/types": "8.5.7"
            }
        }
    },
    "dependencies": {
        "@province-city-china/types": {
            "version": "8.5.7",
            "resolved": "https://registry.npmjs.org/@province-city-china/types/-/types-8.5.7.tgz",
            "integrity": "sha512-RZ1TX52jLevxx+00yLMzunHR2H6XIc7FY8C7qF0YUzXhYrRS4krqWSDY8kpq/76nonbp01ibif35wvmP3R+s4Q==",
            "dev": true
        },
        "bootstrap-icons": {
            "version": "1.11.3",
            "resolved": "https://registry.npmjs.org/bootstrap-icons/-/bootstrap-icons-1.11.3.tgz",
            "integrity": "sha512-+3lpHrCw/it2/7lBL15VR0HEumaBss0+f/Lb6ZvHISn1mlK83jjFpooTLsMWbIjJMDjDjOExMsTxnXSIT4k4ww=="
        },
        "province-city-china": {
            "version": "8.5.7",
            "resolved": "https://registry.npmjs.org/province-city-china/-/province-city-china-8.5.7.tgz",
            "integrity": "sha512-6snhGKmXBgNDJluFYVNgudIA+FWJjha+6/Lci/ZWBDDp3uPs5zFlErrfeTRfN182owSNDp9oF4/f6/qPoL9+Xw==",
            "dev": true,
            "requires": {
                "@province-city-china/types": "8.5.7"
            }
        }
    }
}
